
Microsoft Visual Studio Solution File, Format Version 12.00
# Visual Studio 15
VisualStudioVersion = 15.0.26730.3
MinimumVisualStudioVersion = 10.0.40219.1
Project("{8BC9CEB8-8B4A-11D0-8D11-00A0C91BC942}") = "PDTest", "PDTest.vcxproj", "{E31EE8A0-E01A-416B-8D1F-E13B13534DA6}"
EndProject
Global
	GlobalSection(SolutionConfigurationPlatforms) = preSolution
		Debug|x64 = Debug|x64
		Debug|x86 = Debug|x86
		Release|x64 = Release|x64
		Release|x86 = Release|x86
	EndGlobalSection
	GlobalSection(ProjectConfigurationPlatforms) = postSolution
		{E31EE8A0-E01A-416B-8D1F-E13B13534DA6}.Debug|x64.ActiveCfg = Debug|x64
		{E31EE8A0-E01A-416B-8D1F-E13B13534DA6}.Debug|x64.Build.0 = Debug|x64
		{E31EE8A0-E01A-416B-8D1F-E13B13534DA6}.Debug|x86.ActiveCfg = Debug|Win32
		{E31EE8A0-E01A-416B-8D1F-E13B13534DA6}.Debug|x86.Build.0 = Debug|Win32
		{E31EE8A0-E01A-416B-8D1F-E13B13534DA6}.Release|x64.ActiveCfg = Release|x64
		{E31EE8A0-E01A-416B-8D1F-E13B13534DA6}.Release|x64.Build.0 = Release|x64
		{E31EE8A0-E01A-416B-8D1F-E13B13534DA6}.Release|x86.ActiveCfg = Release|Win32
		{E31EE8A0-E01A-416B-8D1F-E13B13534DA6}.Release|x86.Build.0 = Release|Win32
	EndGlobalSection
	GlobalSection(SolutionProperties) = preSolution
		HideSolutionNode = FALSE
	EndGlobalSection
	GlobalSection(ExtensibilityGlobals) = postSolution
		SolutionGuid = {4855FB5F-1D2D-42E3-A24F-A180845037A7}
	EndGlobalSection
EndGlobal
